// !$*UTF8*$!
{
	archiveVersion = 1;
	classes = {
	};
	objectVersion = 46;
	objects = {

/* Begin PBXBuildFile section */
		5D0C7154169AFA7D00D69E33 /* info-pmc.png in Resources */ = {isa = PBXBuildFile; fileRef = 5D0C714E169AFA7D00D69E33 /* info-pmc.png */; };
		5D0C7156169AFA7D00D69E33 /* info-reclaimers.png in Resources */ = {isa = PBXBuildFile; fileRef = 5D0C7150169AFA7D00D69E33 /* info-reclaimers.png */; };
		5D0C7158169AFA7D00D69E33 /* info-xlanthos.png in Resources */ = {isa = PBXBuildFile; fileRef = 5D0C7152169AFA7D00D69E33 /* info-xlanthos.png */; };
		5D0C7168169B00F800D69E33 /* experiencebanner-pmc.png in Resources */ = {isa = PBXBuildFile; fileRef = 5D0C715C169B00F800D69E33 /* experiencebanner-pmc.png */; };
		5D0C716C169B00F800D69E33 /* experiencebanner-reclaimers.png in Resources */ = {isa = PBXBuildFile; fileRef = 5D0C7160169B00F800D69E33 /* experiencebanner-reclaimers.png */; };
		5D0C7170169B00F800D69E33 /* experiencebanner-xlanthos.png in Resources */ = {isa = PBXBuildFile; fileRef = 5D0C7164169B00F800D69E33 /* experiencebanner-xlanthos.png */; };
		5D15DDEB1694B74200C942C6 /* bebas.ttf in Resources */ = {isa = PBXBuildFile; fileRef = 5D15DDEA1694B74200C942C6 /* bebas.ttf */; };
		5D2F2A76169E558A00B69D1B /* button-support.png in Resources */ = {isa = PBXBuildFile; fileRef = 5D2F2A72169E558A00B69D1B /* button-support.png */; };
		5D2F2A78169E558B00B69D1B /* button-video.png in Resources */ = {isa = PBXBuildFile; fileRef = 5D2F2A74169E558A00B69D1B /* button-video.png */; };
		5D469C1316AB6EF4000BD3FB /* button-launch-pmc.png in Resources */ = {isa = PBXBuildFile; fileRef = 5D469C0D16AB6EF4000BD3FB /* button-launch-pmc.png */; };
		5D469C1516AB6EF4000BD3FB /* button-launch-reclaimers.png in Resources */ = {isa = PBXBuildFile; fileRef = 5D469C0F16AB6EF4000BD3FB /* button-launch-reclaimers.png */; };
		5D469C1716AB6EF4000BD3FB /* button-launch-xlanthos.png in Resources */ = {isa = PBXBuildFile; fileRef = 5D469C1116AB6EF4000BD3FB /* button-launch-xlanthos.png */; };
		5D469C1A16AB7A21000BD3FB /* Xlanthos.png in Resources */ = {isa = PBXBuildFile; fileRef = 5D469C1916AB7A21000BD3FB /* Xlanthos.png */; };
		5D469C1C16AB7DD3000BD3FB /* PMCSniper.png in Resources */ = {isa = PBXBuildFile; fileRef = 5D469C1B16AB7DD3000BD3FB /* PMCSniper.png */; };
		5D5A108F1695C7F000B9CB17 /* info-fb.png in Resources */ = {isa = PBXBuildFile; fileRef = 5D5A10871695C7F000B9CB17 /* info-fb.png */; };
		5D5A10911695C7F000B9CB17 /* info-twitter.png in Resources */ = {isa = PBXBuildFile; fileRef = 5D5A10891695C7F000B9CB17 /* info-twitter.png */; };
		5D5A10931695C7F000B9CB17 /* info-web.png in Resources */ = {isa = PBXBuildFile; fileRef = 5D5A108B1695C7F000B9CB17 /* info-web.png */; };
		5D5A10951695C7F000B9CB17 /* info-youtube.png in Resources */ = {isa = PBXBuildFile; fileRef = 5D5A108D1695C7F000B9CB17 /* info-youtube.png */; };
		5D5A10991695CB4B00B9CB17 /* DPWebViewController.m in Sources */ = {isa = PBXBuildFile; fileRef = 5D5A10971695CB4B00B9CB17 /* DPWebViewController.m */; };
		5D5A109A1695CB4B00B9CB17 /* DPWebViewController.xib in Resources */ = {isa = PBXBuildFile; fileRef = 5D5A10981695CB4B00B9CB17 /* DPWebViewController.xib */; };
		5D5A109C1695D39700B9CB17 /* MWGIntro.mp4 in Resources */ = {isa = PBXBuildFile; fileRef = 5D5A109B1695D39600B9CB17 /* MWGIntro.mp4 */; };
		5D5B77D2164AFACF00C330CE /* OpenGLES.framework in Frameworks */ = {isa = PBXBuildFile; fileRef = 5D5B77D0164AFACF00C330CE /* OpenGLES.framework */; };
		5D5B77D3164AFACF00C330CE /* QuartzCore.framework in Frameworks */ = {isa = PBXBuildFile; fileRef = 5D5B77D1164AFACF00C330CE /* QuartzCore.framework */; };
		5D5B77D5164AFAF100C330CE /* CoreMedia.framework in Frameworks */ = {isa = PBXBuildFile; fileRef = 5D5B77D4164AFAF100C330CE /* CoreMedia.framework */; };
		5D5B77D7164AFAFF00C330CE /* SystemConfiguration.framework in Frameworks */ = {isa = PBXBuildFile; fileRef = 5D5B77D6164AFAFF00C330CE /* SystemConfiguration.framework */; };
		5D5B77D9164AFB0E00C330CE /* CoreVideo.framework in Frameworks */ = {isa = PBXBuildFile; fileRef = 5D5B77D8164AFB0E00C330CE /* CoreVideo.framework */; };
		5D5B77DB164AFB1A00C330CE /* Security.framework in Frameworks */ = {isa = PBXBuildFile; fileRef = 5D5B77DA164AFB1A00C330CE /* Security.framework */; };
		5D5B77E4164AFDFF00C330CE /* StonesAndChips.dat in Resources */ = {isa = PBXBuildFile; fileRef = 5D5B77DD164AFDFF00C330CE /* StonesAndChips.dat */; };
		5D5B77E5164AFDFF00C330CE /* StonesAndChips.xml in Resources */ = {isa = PBXBuildFile; fileRef = 5D5B77DE164AFDFF00C330CE /* StonesAndChips.xml */; };
		5D5B77E6164AFDFF00C330CE /* Tarmac.dat in Resources */ = {isa = PBXBuildFile; fileRef = 5D5B77DF164AFDFF00C330CE /* Tarmac.dat */; };
		5D5B77E7164AFDFF00C330CE /* Tarmac.xml in Resources */ = {isa = PBXBuildFile; fileRef = 5D5B77E0164AFDFF00C330CE /* Tarmac.xml */; };
		5D691C381695EA7B0072E2A7 /* MessageUI.framework in Frameworks */ = {isa = PBXBuildFile; fileRef = 5D691C371695EA7B0072E2A7 /* MessageUI.framework */; };
		5D691C3B1695EE930072E2A7 /* Twitter.framework in Frameworks */ = {isa = PBXBuildFile; fileRef = 5D691C3A1695EE930072E2A7 /* Twitter.framework */; };
		5D96EAB51694B85C008345DB /* bebas.ttf in Resources */ = {isa = PBXBuildFile; fileRef = 5D15DDEA1694B74200C942C6 /* bebas.ttf */; };
		5DA3CFA6164C201600260F49 /* DPScreenshotViewController.mm in Sources */ = {isa = PBXBuildFile; fileRef = 5DA3CFA4164C201600260F49 /* DPScreenshotViewController.mm */; };
		5DA3CFA7164C201600260F49 /* DPScreenshotViewController.xib in Resources */ = {isa = PBXBuildFile; fileRef = 5DA3CFA5164C201600260F49 /* DPScreenshotViewController.xib */; };
		5DA8717F164AF81C0017B893 /* EAGLView.mm in Sources */ = {isa = PBXBuildFile; fileRef = 5DA8717D164AF81C0017B893 /* EAGLView.mm */; };
		5DA87195164AF86E0017B893 /* AR_EAGLView.mm in Sources */ = {isa = PBXBuildFile; fileRef = 5DA87183164AF86E0017B893 /* AR_EAGLView.mm */; };
		5DA87196164AF86E0017B893 /* ARParentViewController.mm in Sources */ = {isa = PBXBuildFile; fileRef = 5DA87185164AF86E0017B893 /* ARParentViewController.mm */; };
		5DA87197164AF86E0017B893 /* ARViewController.mm in Sources */ = {isa = PBXBuildFile; fileRef = 5DA87187164AF86E0017B893 /* ARViewController.mm */; };
		5DA87198164AF86E0017B893 /* OverlayView.m in Sources */ = {isa = PBXBuildFile; fileRef = 5DA87189164AF86E0017B893 /* OverlayView.m */; };
		5DA87199164AF86E0017B893 /* OverlayViewController.mm in Sources */ = {isa = PBXBuildFile; fileRef = 5DA8718B164AF86E0017B893 /* OverlayViewController.mm */; };
		5DA8719A164AF86E0017B893 /* QCARutils.mm in Sources */ = {isa = PBXBuildFile; fileRef = 5DA8718D164AF86E0017B893 /* QCARutils.mm */; };
		5DA8719D164AF86E0017B893 /* ShaderUtils.cpp in Sources */ = {isa = PBXBuildFile; fileRef = 5DA87191164AF86E0017B893 /* ShaderUtils.cpp */; };
		5DA8719E164AF86E0017B893 /* Texture.mm in Sources */ = {isa = PBXBuildFile; fileRef = 5DA87194164AF86E0017B893 /* Texture.mm */; };
		5DAD1DC416ADBCFF00833CD0 /* DPARViewButtonCustomizer.m in Sources */ = {isa = PBXBuildFile; fileRef = 5DAD1DC316ADBCFF00833CD0 /* DPARViewButtonCustomizer.m */; };
		5DAD1DC716ADC93C00833CD0 /* DPARViewCameraButtonCustomizer.m in Sources */ = {isa = PBXBuildFile; fileRef = 5DAD1DC616ADC93C00833CD0 /* DPARViewCameraButtonCustomizer.m */; };
		5DAD1DCA16ADCC5A00833CD0 /* DPARViewTorchButtonCustomizer.m in Sources */ = {isa = PBXBuildFile; fileRef = 5DAD1DC916ADCC5A00833CD0 /* DPARViewTorchButtonCustomizer.m */; };
		5DAD1E0716ADCE4800833CD0 /* social-fb.png in Resources */ = {isa = PBXBuildFile; fileRef = 5DAD1DEF16ADCE4800833CD0 /* social-fb.png */; };
		5DAD1E0D16ADCE4800833CD0 /* social-mail.png in Resources */ = {isa = PBXBuildFile; fileRef = 5DAD1DF516ADCE4800833CD0 /* social-mail.png */; };
		5DAD1E1316ADCE4800833CD0 /* social-save.png in Resources */ = {isa = PBXBuildFile; fileRef = 5DAD1DFB16ADCE4800833CD0 /* social-save.png */; };
		5DAD1E1916ADCE4800833CD0 /* social-twitter.png in Resources */ = {isa = PBXBuildFile; fileRef = 5DAD1E0116ADCE4800833CD0 /* social-twitter.png */; };
		5DB29B4C16B6C1FF000CF9FB /* FacebookSDK.framework in Frameworks */ = {isa = PBXBuildFile; fileRef = 5DB29B4B16B6C1FF000CF9FB /* FacebookSDK.framework */; };
		5DB29B4E16B6C217000CF9FB /* FacebookSDKResources.bundle in Resources */ = {isa = PBXBuildFile; fileRef = 5DB29B4D16B6C217000CF9FB /* FacebookSDKResources.bundle */; };
		5DB29B5016B6C221000CF9FB /* FBUserSettingsViewResources.bundle in Resources */ = {isa = PBXBuildFile; fileRef = 5DB29B4F16B6C221000CF9FB /* FBUserSettingsViewResources.bundle */; };
		5DB29B5216B6C3A5000CF9FB /* libQCAR.a in Frameworks */ = {isa = PBXBuildFile; fileRef = 5DB29B5116B6C3A5000CF9FB /* libQCAR.a */; };
		5DCA890B169604FA00725CEF /* Accounts.framework in Frameworks */ = {isa = PBXBuildFile; fileRef = 5DCA8908169604FA00725CEF /* Accounts.framework */; settings = {ATTRIBUTES = (Weak, ); }; };
		5DCA890C169604FA00725CEF /* AdSupport.framework in Frameworks */ = {isa = PBXBuildFile; fileRef = 5DCA8909169604FA00725CEF /* AdSupport.framework */; settings = {ATTRIBUTES = (Weak, ); }; };
		5DCA890D169604FA00725CEF /* Social.framework in Frameworks */ = {isa = PBXBuildFile; fileRef = 5DCA890A169604FA00725CEF /* Social.framework */; settings = {ATTRIBUTES = (Weak, ); }; };
		5DCC62F2167A44320069DE40 /* Reclaimer_squad_member.png in Resources */ = {isa = PBXBuildFile; fileRef = 5DCC62F1167A44320069DE40 /* Reclaimer_squad_member.png */; };
		5DF97EC7169483F300046053 /* DPBios.m in Sources */ = {isa = PBXBuildFile; fileRef = 5DF97EC6169483F300046053 /* DPBios.m */; };
		5DF97ECE16948BCF00046053 /* Dark_Potential.dat in Resources */ = {isa = PBXBuildFile; fileRef = 5DF97ECC16948BCF00046053 /* Dark_Potential.dat */; };
		5DF97ECF16948BCF00046053 /* Dark_Potential.xml in Resources */ = {isa = PBXBuildFile; fileRef = 5DF97ECD16948BCF00046053 /* Dark_Potential.xml */; };
		5DF97ED116948CC100046053 /* Dark_Potential.dat in Resources */ = {isa = PBXBuildFile; fileRef = 5DF97ECC16948BCF00046053 /* Dark_Potential.dat */; };
		5DF97ED216948CC100046053 /* Dark_Potential.xml in Resources */ = {isa = PBXBuildFile; fileRef = 5DF97ECD16948BCF00046053 /* Dark_Potential.xml */; };
		E2186A4D16473E1B00FEADC3 /* mwglogo.png in Resources */ = {isa = PBXBuildFile; fileRef = E2186A4B16473E1B00FEADC3 /* mwglogo.png */; };
		E2186A5116473EDD00FEADC3 /* menu-bg.png in Resources */ = {isa = PBXBuildFile; fileRef = E2186A4F16473EDD00FEADC3 /* menu-bg.png */; };
		E2186A5516473FF200FEADC3 /* menu-bg-iphone5.png in Resources */ = {isa = PBXBuildFile; fileRef = E2186A5316473FF200FEADC3 /* menu-bg-iphone5.png */; };
		E2186A591647421400FEADC3 /* DPCharacterViewController.m in Sources */ = {isa = PBXBuildFile; fileRef = E2186A581647421400FEADC3 /* DPCharacterViewController.m */; };
		E21F25CF1644890900CA0971 /* DPInfoViewController.m in Sources */ = {isa = PBXBuildFile; fileRef = E21F25CE1644890900CA0971 /* DPInfoViewController.m */; };
		E21F25D21644896200CA0971 /* MediaPlayer.framework in Frameworks */ = {isa = PBXBuildFile; fileRef = E21F25D11644896200CA0971 /* MediaPlayer.framework */; };
		E222D0BD16AE149000ABEB2C /* DPARViewBackButtonCustomizer.m in Sources */ = {isa = PBXBuildFile; fileRef = E222D0BC16AE149000ABEB2C /* DPARViewBackButtonCustomizer.m */; };
		E270AC001649E208003E6A1F /* menu_whoosh_in.mp3 in Resources */ = {isa = PBXBuildFile; fileRef = E270ABFF1649E208003E6A1F /* menu_whoosh_in.mp3 */; };
		E270AC0A1649F84F003E6A1F /* Default.png in Resources */ = {isa = PBXBuildFile; fileRef = E270AC091649F84F003E6A1F /* Default.png */; };
		E270AC0C1649F853003E6A1F /* Default@2x.png in Resources */ = {isa = PBXBuildFile; fileRef = E270AC0B1649F853003E6A1F /* Default@2x.png */; };
		E270AC0E1649F856003E6A1F /* Default-568h@2x.png in Resources */ = {isa = PBXBuildFile; fileRef = E270AC0D1649F856003E6A1F /* Default-568h@2x.png */; };
		E270AC21164A0070003E6A1F /* button-back.png in Resources */ = {isa = PBXBuildFile; fileRef = E270AC1F164A0070003E6A1F /* button-back.png */; };
		E270AC29164A0155003E6A1F /* joel.png in Resources */ = {isa = PBXBuildFile; fileRef = E270AC27164A0155003E6A1F /* joel.png */; };
		E270AC2D164A015E003E6A1F /* steph.png in Resources */ = {isa = PBXBuildFile; fileRef = E270AC2B164A015E003E6A1F /* steph.png */; };
		E28BBD7A16449D3C0016B2D2 /* AVFoundation.framework in Frameworks */ = {isa = PBXBuildFile; fileRef = E28BBD7916449D3C0016B2D2 /* AVFoundation.framework */; };
		E2A1CB671643518F009F1CBA /* UIKit.framework in Frameworks */ = {isa = PBXBuildFile; fileRef = E2A1CB661643518F009F1CBA /* UIKit.framework */; };
		E2A1CB691643518F009F1CBA /* Foundation.framework in Frameworks */ = {isa = PBXBuildFile; fileRef = E2A1CB681643518F009F1CBA /* Foundation.framework */; };
		E2A1CB6B1643518F009F1CBA /* CoreGraphics.framework in Frameworks */ = {isa = PBXBuildFile; fileRef = E2A1CB6A1643518F009F1CBA /* CoreGraphics.framework */; };
		E2A1CB711643518F009F1CBA /* InfoPlist.strings in Resources */ = {isa = PBXBuildFile; fileRef = E2A1CB6F1643518F009F1CBA /* InfoPlist.strings */; };
		E2A1CB731643518F009F1CBA /* main.m in Sources */ = {isa = PBXBuildFile; fileRef = E2A1CB721643518F009F1CBA /* main.m */; };
		E2A1CB771643518F009F1CBA /* DPAppDelegate.mm in Sources */ = {isa = PBXBuildFile; fileRef = E2A1CB761643518F009F1CBA /* DPAppDelegate.mm */; };
		E2A1CB801643518F009F1CBA /* MainStoryboard.storyboard in Resources */ = {isa = PBXBuildFile; fileRef = E2A1CB7E1643518F009F1CBA /* MainStoryboard.storyboard */; };
		E2A1CB831643518F009F1CBA /* DPMainMenuViewController.m in Sources */ = {isa = PBXBuildFile; fileRef = E2A1CB821643518F009F1CBA /* DPMainMenuViewController.m */; };
		E2A1CB8B16435190009F1CBA /* SenTestingKit.framework in Frameworks */ = {isa = PBXBuildFile; fileRef = E2A1CB8A16435190009F1CBA /* SenTestingKit.framework */; };
		E2A1CB8C16435190009F1CBA /* UIKit.framework in Frameworks */ = {isa = PBXBuildFile; fileRef = E2A1CB661643518F009F1CBA /* UIKit.framework */; };
		E2A1CB8D16435190009F1CBA /* Foundation.framework in Frameworks */ = {isa = PBXBuildFile; fileRef = E2A1CB681643518F009F1CBA /* Foundation.framework */; };
		E2A1CBA31643521A009F1CBA /* DarkPotential-AppIcon-57.png in Resources */ = {isa = PBXBuildFile; fileRef = E2A1CBA21643521A009F1CBA /* DarkPotential-AppIcon-57.png */; };
		E2A1CBA51643521E009F1CBA /* DarkPotential-AppIcon-114.png in Resources */ = {isa = PBXBuildFile; fileRef = E2A1CBA41643521E009F1CBA /* DarkPotential-AppIcon-114.png */; };
		E2A1CBB3164354C5009F1CBA /* navbar.png in Resources */ = {isa = PBXBuildFile; fileRef = E2A1CBAC164354C5009F1CBA /* navbar.png */; };
		E2A33D4416AF7229009C6BFF /* background-iphone5.png in Resources */ = {isa = PBXBuildFile; fileRef = E2A33D4316AF7229009C6BFF /* background-iphone5.png */; };
/* End PBXBuildFile section */

/* Begin PBXContainerItemProxy section */
		E2A1CB8E16435190009F1CBA /* PBXContainerItemProxy */ = {
			isa = PBXContainerItemProxy;
			containerPortal = E2A1CB591643518F009F1CBA /* Project object */;
			proxyType = 1;
			remoteGlobalIDString = E2A1CB611643518F009F1CBA;
			remoteInfo = "Dark Potential";
		};
/* End PBXContainerItemProxy section */

/* Begin PBXFileReference section */
		5D0C714E169AFA7D00D69E33 /* info-pmc.png */ = {isa = PBXFileReference; lastKnownFileType = image.png; path = "info-pmc.png"; sourceTree = "<group>"; };
		5D0C7150169AFA7D00D69E33 /* info-reclaimers.png */ = {isa = PBXFileReference; lastKnownFileType = image.png; path = "info-reclaimers.png"; sourceTree = "<group>"; };
		5D0C7152169AFA7D00D69E33 /* info-xlanthos.png */ = {isa = PBXFileReference; lastKnownFileType = image.png; path = "info-xlanthos.png"; sourceTree = "<group>"; };
		5D0C715C169B00F800D69E33 /* experiencebanner-pmc.png */ = {isa = PBXFileReference; lastKnownFileType = image.png; path = "experiencebanner-pmc.png"; sourceTree = "<group>"; };
		5D0C7160169B00F800D69E33 /* experiencebanner-reclaimers.png */ = {isa = PBXFileReference; lastKnownFileType = image.png; path = "experiencebanner-reclaimers.png"; sourceTree = "<group>"; };
		5D0C7164169B00F800D69E33 /* experiencebanner-xlanthos.png */ = {isa = PBXFileReference; lastKnownFileType = image.png; path = "experiencebanner-xlanthos.png"; sourceTree = "<group>"; };
		5D15DDEA1694B74200C942C6 /* bebas.ttf */ = {isa = PBXFileReference; lastKnownFileType = file; path = bebas.ttf; sourceTree = "<group>"; };
		5D2F2A72169E558A00B69D1B /* button-support.png */ = {isa = PBXFileReference; lastKnownFileType = image.png; path = "button-support.png"; sourceTree = "<group>"; };
		5D2F2A74169E558A00B69D1B /* button-video.png */ = {isa = PBXFileReference; lastKnownFileType = image.png; path = "button-video.png"; sourceTree = "<group>"; };
		5D469C0D16AB6EF4000BD3FB /* button-launch-pmc.png */ = {isa = PBXFileReference; lastKnownFileType = image.png; path = "button-launch-pmc.png"; sourceTree = "<group>"; };
		5D469C0F16AB6EF4000BD3FB /* button-launch-reclaimers.png */ = {isa = PBXFileReference; lastKnownFileType = image.png; path = "button-launch-reclaimers.png"; sourceTree = "<group>"; };
		5D469C1116AB6EF4000BD3FB /* button-launch-xlanthos.png */ = {isa = PBXFileReference; lastKnownFileType = image.png; path = "button-launch-xlanthos.png"; sourceTree = "<group>"; };
		5D469C1816AB736F000BD3FB /* DPConstants.h */ = {isa = PBXFileReference; fileEncoding = 4; lastKnownFileType = sourcecode.c.h; path = DPConstants.h; sourceTree = "<group>"; };
		5D469C1916AB7A21000BD3FB /* Xlanthos.png */ = {isa = PBXFileReference; lastKnownFileType = image.png; path = Xlanthos.png; sourceTree = "<group>"; };
		5D469C1B16AB7DD3000BD3FB /* PMCSniper.png */ = {isa = PBXFileReference; lastKnownFileType = image.png; path = PMCSniper.png; sourceTree = "<group>"; };
		5D469C2216AB7F79000BD3FB /* Shader.fsh */ = {isa = PBXFileReference; fileEncoding = 4; lastKnownFileType = sourcecode.glsl; name = Shader.fsh; path = Shaders/Shader.fsh; sourceTree = "<group>"; };
		5D469C2316AB7F79000BD3FB /* Shader.vsh */ = {isa = PBXFileReference; fileEncoding = 4; lastKnownFileType = sourcecode.glsl; name = Shader.vsh; path = Shaders/Shader.vsh; sourceTree = "<group>"; };
		5D5A10871695C7F000B9CB17 /* info-fb.png */ = {isa = PBXFileReference; lastKnownFileType = image.png; path = "info-fb.png"; sourceTree = "<group>"; };
		5D5A10891695C7F000B9CB17 /* info-twitter.png */ = {isa = PBXFileReference; lastKnownFileType = image.png; path = "info-twitter.png"; sourceTree = "<group>"; };
		5D5A108B1695C7F000B9CB17 /* info-web.png */ = {isa = PBXFileReference; lastKnownFileType = image.png; path = "info-web.png"; sourceTree = "<group>"; };
		5D5A108D1695C7F000B9CB17 /* info-youtube.png */ = {isa = PBXFileReference; lastKnownFileType = image.png; path = "info-youtube.png"; sourceTree = "<group>"; };
		5D5A10961695CB4A00B9CB17 /* DPWebViewController.h */ = {isa = PBXFileReference; fileEncoding = 4; lastKnownFileType = sourcecode.c.h; path = DPWebViewController.h; sourceTree = "<group>"; };
		5D5A10971695CB4B00B9CB17 /* DPWebViewController.m */ = {isa = PBXFileReference; fileEncoding = 4; lastKnownFileType = sourcecode.c.objc; path = DPWebViewController.m; sourceTree = "<group>"; };
		5D5A10981695CB4B00B9CB17 /* DPWebViewController.xib */ = {isa = PBXFileReference; fileEncoding = 4; lastKnownFileType = file.xib; path = DPWebViewController.xib; sourceTree = "<group>"; };
		5D5A109B1695D39600B9CB17 /* MWGIntro.mp4 */ = {isa = PBXFileReference; lastKnownFileType = file; path = MWGIntro.mp4; sourceTree = "<group>"; };
		5D5B77D0164AFACF00C330CE /* OpenGLES.framework */ = {isa = PBXFileReference; lastKnownFileType = wrapper.framework; name = OpenGLES.framework; path = System/Library/Frameworks/OpenGLES.framework; sourceTree = SDKROOT; };
		5D5B77D1164AFACF00C330CE /* QuartzCore.framework */ = {isa = PBXFileReference; lastKnownFileType = wrapper.framework; name = QuartzCore.framework; path = System/Library/Frameworks/QuartzCore.framework; sourceTree = SDKROOT; };
		5D5B77D4164AFAF100C330CE /* CoreMedia.framework */ = {isa = PBXFileReference; lastKnownFileType = wrapper.framework; name = CoreMedia.framework; path = System/Library/Frameworks/CoreMedia.framework; sourceTree = SDKROOT; };
		5D5B77D6164AFAFF00C330CE /* SystemConfiguration.framework */ = {isa = PBXFileReference; lastKnownFileType = wrapper.framework; name = SystemConfiguration.framework; path = System/Library/Frameworks/SystemConfiguration.framework; sourceTree = SDKROOT; };
		5D5B77D8164AFB0E00C330CE /* CoreVideo.framework */ = {isa = PBXFileReference; lastKnownFileType = wrapper.framework; name = CoreVideo.framework; path = System/Library/Frameworks/CoreVideo.framework; sourceTree = SDKROOT; };
		5D5B77DA164AFB1A00C330CE /* Security.framework */ = {isa = PBXFileReference; lastKnownFileType = wrapper.framework; name = Security.framework; path = System/Library/Frameworks/Security.framework; sourceTree = SDKROOT; };
		5D5B77DD164AFDFF00C330CE /* StonesAndChips.dat */ = {isa = PBXFileReference; lastKnownFileType = file; path = StonesAndChips.dat; sourceTree = "<group>"; };
		5D5B77DE164AFDFF00C330CE /* StonesAndChips.xml */ = {isa = PBXFileReference; fileEncoding = 4; lastKnownFileType = text.xml; path = StonesAndChips.xml; sourceTree = "<group>"; };
		5D5B77DF164AFDFF00C330CE /* Tarmac.dat */ = {isa = PBXFileReference; lastKnownFileType = file; path = Tarmac.dat; sourceTree = "<group>"; };
		5D5B77E0164AFDFF00C330CE /* Tarmac.xml */ = {isa = PBXFileReference; fileEncoding = 4; lastKnownFileType = text.xml; path = Tarmac.xml; sourceTree = "<group>"; };
		5D691C371695EA7B0072E2A7 /* MessageUI.framework */ = {isa = PBXFileReference; lastKnownFileType = wrapper.framework; name = MessageUI.framework; path = System/Library/Frameworks/MessageUI.framework; sourceTree = SDKROOT; };
		5D691C3A1695EE930072E2A7 /* Twitter.framework */ = {isa = PBXFileReference; lastKnownFileType = wrapper.framework; name = Twitter.framework; path = System/Library/Frameworks/Twitter.framework; sourceTree = SDKROOT; };
		5DA3CFA3164C201600260F49 /* DPScreenshotViewController.h */ = {isa = PBXFileReference; fileEncoding = 4; lastKnownFileType = sourcecode.c.h; path = DPScreenshotViewController.h; sourceTree = "<group>"; };
		5DA3CFA4164C201600260F49 /* DPScreenshotViewController.mm */ = {isa = PBXFileReference; fileEncoding = 4; lastKnownFileType = sourcecode.cpp.objcpp; path = DPScreenshotViewController.mm; sourceTree = "<group>"; };
		5DA3CFA5164C201600260F49 /* DPScreenshotViewController.xib */ = {isa = PBXFileReference; fileEncoding = 4; lastKnownFileType = file.xib; path = DPScreenshotViewController.xib; sourceTree = "<group>"; };
		5DA8717C164AF81C0017B893 /* EAGLView.h */ = {isa = PBXFileReference; fileEncoding = 4; lastKnownFileType = sourcecode.c.h; path = EAGLView.h; sourceTree = "<group>"; };
		5DA8717D164AF81C0017B893 /* EAGLView.mm */ = {isa = PBXFileReference; fileEncoding = 4; lastKnownFileType = sourcecode.cpp.objcpp; path = EAGLView.mm; sourceTree = "<group>"; };
		5DA87182164AF86E0017B893 /* AR_EAGLView.h */ = {isa = PBXFileReference; fileEncoding = 4; lastKnownFileType = sourcecode.c.h; path = AR_EAGLView.h; sourceTree = "<group>"; };
		5DA87183164AF86E0017B893 /* AR_EAGLView.mm */ = {isa = PBXFileReference; fileEncoding = 4; lastKnownFileType = sourcecode.cpp.objcpp; path = AR_EAGLView.mm; sourceTree = "<group>"; };
		5DA87184164AF86E0017B893 /* ARParentViewController.h */ = {isa = PBXFileReference; fileEncoding = 4; lastKnownFileType = sourcecode.c.h; path = ARParentViewController.h; sourceTree = "<group>"; };
		5DA87185164AF86E0017B893 /* ARParentViewController.mm */ = {isa = PBXFileReference; fileEncoding = 4; lastKnownFileType = sourcecode.cpp.objcpp; path = ARParentViewController.mm; sourceTree = "<group>"; };
		5DA87186164AF86E0017B893 /* ARViewController.h */ = {isa = PBXFileReference; fileEncoding = 4; lastKnownFileType = sourcecode.c.h; path = ARViewController.h; sourceTree = "<group>"; };
		5DA87187164AF86E0017B893 /* ARViewController.mm */ = {isa = PBXFileReference; fileEncoding = 4; lastKnownFileType = sourcecode.cpp.objcpp; path = ARViewController.mm; sourceTree = "<group>"; };
		5DA87188164AF86E0017B893 /* OverlayView.h */ = {isa = PBXFileReference; fileEncoding = 4; lastKnownFileType = sourcecode.c.h; path = OverlayView.h; sourceTree = "<group>"; };
		5DA87189164AF86E0017B893 /* OverlayView.m */ = {isa = PBXFileReference; fileEncoding = 4; lastKnownFileType = sourcecode.c.objc; path = OverlayView.m; sourceTree = "<group>"; };
		5DA8718A164AF86E0017B893 /* OverlayViewController.h */ = {isa = PBXFileReference; fileEncoding = 4; lastKnownFileType = sourcecode.c.h; path = OverlayViewController.h; sourceTree = "<group>"; };
		5DA8718B164AF86E0017B893 /* OverlayViewController.mm */ = {isa = PBXFileReference; fileEncoding = 4; lastKnownFileType = sourcecode.cpp.objcpp; path = OverlayViewController.mm; sourceTree = "<group>"; };
		5DA8718C164AF86E0017B893 /* QCARutils.h */ = {isa = PBXFileReference; fileEncoding = 4; lastKnownFileType = sourcecode.c.h; path = QCARutils.h; sourceTree = "<group>"; };
		5DA8718D164AF86E0017B893 /* QCARutils.mm */ = {isa = PBXFileReference; fileEncoding = 4; lastKnownFileType = sourcecode.cpp.objcpp; path = QCARutils.mm; sourceTree = "<group>"; };
		5DA87191164AF86E0017B893 /* ShaderUtils.cpp */ = {isa = PBXFileReference; fileEncoding = 4; lastKnownFileType = sourcecode.cpp.cpp; path = ShaderUtils.cpp; sourceTree = "<group>"; };
		5DA87192164AF86E0017B893 /* ShaderUtils.h */ = {isa = PBXFileReference; fileEncoding = 4; lastKnownFileType = sourcecode.c.h; path = ShaderUtils.h; sourceTree = "<group>"; };
		5DA87193164AF86E0017B893 /* Texture.h */ = {isa = PBXFileReference; fileEncoding = 4; lastKnownFileType = sourcecode.c.h; path = Texture.h; sourceTree = "<group>"; };
		5DA87194164AF86E0017B893 /* Texture.mm */ = {isa = PBXFileReference; fileEncoding = 4; lastKnownFileType = sourcecode.cpp.objcpp; path = Texture.mm; sourceTree = "<group>"; };
		5DAD1DC216ADBCFF00833CD0 /* DPARViewButtonCustomizer.h */ = {isa = PBXFileReference; fileEncoding = 4; lastKnownFileType = sourcecode.c.h; path = DPARViewButtonCustomizer.h; sourceTree = "<group>"; };
		5DAD1DC316ADBCFF00833CD0 /* DPARViewButtonCustomizer.m */ = {isa = PBXFileReference; fileEncoding = 4; lastKnownFileType = sourcecode.c.objc; path = DPARViewButtonCustomizer.m; sourceTree = "<group>"; };
		5DAD1DC516ADC93C00833CD0 /* DPARViewCameraButtonCustomizer.h */ = {isa = PBXFileReference; fileEncoding = 4; lastKnownFileType = sourcecode.c.h; path = DPARViewCameraButtonCustomizer.h; sourceTree = "<group>"; };
		5DAD1DC616ADC93C00833CD0 /* DPARViewCameraButtonCustomizer.m */ = {isa = PBXFileReference; fileEncoding = 4; lastKnownFileType = sourcecode.c.objc; path = DPARViewCameraButtonCustomizer.m; sourceTree = "<group>"; };
		5DAD1DC816ADCC5A00833CD0 /* DPARViewTorchButtonCustomizer.h */ = {isa = PBXFileReference; fileEncoding = 4; lastKnownFileType = sourcecode.c.h; path = DPARViewTorchButtonCustomizer.h; sourceTree = "<group>"; };
		5DAD1DC916ADCC5A00833CD0 /* DPARViewTorchButtonCustomizer.m */ = {isa = PBXFileReference; fileEncoding = 4; lastKnownFileType = sourcecode.c.objc; path = DPARViewTorchButtonCustomizer.m; sourceTree = "<group>"; };
		5DAD1DEF16ADCE4800833CD0 /* social-fb.png */ = {isa = PBXFileReference; lastKnownFileType = image.png; path = "social-fb.png"; sourceTree = "<group>"; };
		5DAD1DF516ADCE4800833CD0 /* social-mail.png */ = {isa = PBXFileReference; lastKnownFileType = image.png; path = "social-mail.png"; sourceTree = "<group>"; };
		5DAD1DFB16ADCE4800833CD0 /* social-save.png */ = {isa = PBXFileReference; lastKnownFileType = image.png; path = "social-save.png"; sourceTree = "<group>"; };
		5DAD1E0116ADCE4800833CD0 /* social-twitter.png */ = {isa = PBXFileReference; lastKnownFileType = image.png; path = "social-twitter.png"; sourceTree = "<group>"; };
		5DB29B4B16B6C1FF000CF9FB /* FacebookSDK.framework */ = {isa = PBXFileReference; lastKnownFileType = wrapper.framework; path = FacebookSDK.framework; sourceTree = "<group>"; };
		5DB29B4D16B6C217000CF9FB /* FacebookSDKResources.bundle */ = {isa = PBXFileReference; lastKnownFileType = "wrapper.plug-in"; path = FacebookSDKResources.bundle; sourceTree = "<group>"; };
		5DB29B4F16B6C221000CF9FB /* FBUserSettingsViewResources.bundle */ = {isa = PBXFileReference; lastKnownFileType = "wrapper.plug-in"; path = FBUserSettingsViewResources.bundle; sourceTree = "<group>"; };
		5DB29B5116B6C3A5000CF9FB /* libQCAR.a */ = {isa = PBXFileReference; lastKnownFileType = archive.ar; path = libQCAR.a; sourceTree = "<group>"; };
		5DCA8908169604FA00725CEF /* Accounts.framework */ = {isa = PBXFileReference; lastKnownFileType = wrapper.framework; name = Accounts.framework; path = System/Library/Frameworks/Accounts.framework; sourceTree = SDKROOT; };
		5DCA8909169604FA00725CEF /* AdSupport.framework */ = {isa = PBXFileReference; lastKnownFileType = wrapper.framework; name = AdSupport.framework; path = System/Library/Frameworks/AdSupport.framework; sourceTree = SDKROOT; };
		5DCA890A169604FA00725CEF /* Social.framework */ = {isa = PBXFileReference; lastKnownFileType = wrapper.framework; name = Social.framework; path = System/Library/Frameworks/Social.framework; sourceTree = SDKROOT; };
		5DCC62F1167A44320069DE40 /* Reclaimer_squad_member.png */ = {isa = PBXFileReference; lastKnownFileType = image.png; path = Reclaimer_squad_member.png; sourceTree = "<group>"; };
		5DF97EC3169480CB00046053 /* DPBios.h */ = {isa = PBXFileReference; fileEncoding = 4; lastKnownFileType = sourcecode.c.h; path = DPBios.h; sourceTree = "<group>"; };
		5DF97EC6169483F300046053 /* DPBios.m */ = {isa = PBXFileReference; fileEncoding = 4; lastKnownFileType = sourcecode.c.objc; path = DPBios.m; sourceTree = "<group>"; };
		5DF97ECC16948BCF00046053 /* Dark_Potential.dat */ = {isa = PBXFileReference; lastKnownFileType = file; path = Dark_Potential.dat; sourceTree = "<group>"; };
		5DF97ECD16948BCF00046053 /* Dark_Potential.xml */ = {isa = PBXFileReference; fileEncoding = 4; lastKnownFileType = text.xml; path = Dark_Potential.xml; sourceTree = "<group>"; };
		E2186A4B16473E1B00FEADC3 /* mwglogo.png */ = {isa = PBXFileReference; lastKnownFileType = image.png; path = mwglogo.png; sourceTree = "<group>"; };
		E2186A4F16473EDD00FEADC3 /* menu-bg.png */ = {isa = PBXFileReference; lastKnownFileType = image.png; path = "menu-bg.png"; sourceTree = "<group>"; };
		E2186A5316473FF200FEADC3 /* menu-bg-iphone5.png */ = {isa = PBXFileReference; lastKnownFileType = image.png; path = "menu-bg-iphone5.png"; sourceTree = "<group>"; };
		E2186A571647421400FEADC3 /* DPCharacterViewController.h */ = {isa = PBXFileReference; fileEncoding = 4; lastKnownFileType = sourcecode.c.h; path = DPCharacterViewController.h; sourceTree = "<group>"; };
		E2186A581647421400FEADC3 /* DPCharacterViewController.m */ = {isa = PBXFileReference; fileEncoding = 4; lastKnownFileType = sourcecode.c.objc; path = DPCharacterViewController.m; sourceTree = "<group>"; };
		E21F25CD1644890900CA0971 /* DPInfoViewController.h */ = {isa = PBXFileReference; fileEncoding = 4; lastKnownFileType = sourcecode.c.h; path = DPInfoViewController.h; sourceTree = "<group>"; };
		E21F25CE1644890900CA0971 /* DPInfoViewController.m */ = {isa = PBXFileReference; fileEncoding = 4; lastKnownFileType = sourcecode.c.objc; path = DPInfoViewController.m; sourceTree = "<group>"; };
		E21F25D11644896200CA0971 /* MediaPlayer.framework */ = {isa = PBXFileReference; lastKnownFileType = wrapper.framework; name = MediaPlayer.framework; path = System/Library/Frameworks/MediaPlayer.framework; sourceTree = SDKROOT; };
		E222D0BB16AE149000ABEB2C /* DPARViewBackButtonCustomizer.h */ = {isa = PBXFileReference; fileEncoding = 4; lastKnownFileType = sourcecode.c.h; path = DPARViewBackButtonCustomizer.h; sourceTree = "<group>"; };
		E222D0BC16AE149000ABEB2C /* DPARViewBackButtonCustomizer.m */ = {isa = PBXFileReference; fileEncoding = 4; lastKnownFileType = sourcecode.c.objc; path = DPARViewBackButtonCustomizer.m; sourceTree = "<group>"; };
		E270ABFF1649E208003E6A1F /* menu_whoosh_in.mp3 */ = {isa = PBXFileReference; lastKnownFileType = audio.mp3; path = menu_whoosh_in.mp3; sourceTree = "<group>"; };
		E270AC091649F84F003E6A1F /* Default.png */ = {isa = PBXFileReference; lastKnownFileType = image.png; name = Default.png; path = ../Default.png; sourceTree = "<group>"; };
		E270AC0B1649F853003E6A1F /* Default@2x.png */ = {isa = PBXFileReference; lastKnownFileType = image.png; name = "Default@2x.png"; path = "../Default@2x.png"; sourceTree = "<group>"; };
		E270AC0D1649F856003E6A1F /* Default-568h@2x.png */ = {isa = PBXFileReference; lastKnownFileType = image.png; name = "Default-568h@2x.png"; path = "../Default-568h@2x.png"; sourceTree = "<group>"; };
		E270AC1F164A0070003E6A1F /* button-back.png */ = {isa = PBXFileReference; lastKnownFileType = image.png; path = "button-back.png"; sourceTree = "<group>"; };
		E270AC27164A0155003E6A1F /* joel.png */ = {isa = PBXFileReference; lastKnownFileType = image.png; path = joel.png; sourceTree = "<group>"; };
		E270AC2B164A015E003E6A1F /* steph.png */ = {isa = PBXFileReference; lastKnownFileType = image.png; path = steph.png; sourceTree = "<group>"; };
		E28BBD7916449D3C0016B2D2 /* AVFoundation.framework */ = {isa = PBXFileReference; lastKnownFileType = wrapper.framework; name = AVFoundation.framework; path = System/Library/Frameworks/AVFoundation.framework; sourceTree = SDKROOT; };
		E2A1CB621643518F009F1CBA /* Dark Potential.app */ = {isa = PBXFileReference; explicitFileType = wrapper.application; includeInIndex = 0; path = "Dark Potential.app"; sourceTree = BUILT_PRODUCTS_DIR; };
		E2A1CB661643518F009F1CBA /* UIKit.framework */ = {isa = PBXFileReference; lastKnownFileType = wrapper.framework; name = UIKit.framework; path = System/Library/Frameworks/UIKit.framework; sourceTree = SDKROOT; };
		E2A1CB681643518F009F1CBA /* Foundation.framework */ = {isa = PBXFileReference; lastKnownFileType = wrapper.framework; name = Foundation.framework; path = System/Library/Frameworks/Foundation.framework; sourceTree = SDKROOT; };
		E2A1CB6A1643518F009F1CBA /* CoreGraphics.framework */ = {isa = PBXFileReference; lastKnownFileType = wrapper.framework; name = CoreGraphics.framework; path = System/Library/Frameworks/CoreGraphics.framework; sourceTree = SDKROOT; };
		E2A1CB6E1643518F009F1CBA /* Dark Potential-Info.plist */ = {isa = PBXFileReference; lastKnownFileType = text.plist.xml; path = "Dark Potential-Info.plist"; sourceTree = "<group>"; };
		E2A1CB701643518F009F1CBA /* en */ = {isa = PBXFileReference; lastKnownFileType = text.plist.strings; name = en; path = en.lproj/InfoPlist.strings; sourceTree = "<group>"; };
		E2A1CB721643518F009F1CBA /* main.m */ = {isa = PBXFileReference; lastKnownFileType = sourcecode.c.objc; path = main.m; sourceTree = "<group>"; };
		E2A1CB741643518F009F1CBA /* Dark Potential-Prefix.pch */ = {isa = PBXFileReference; lastKnownFileType = sourcecode.c.h; path = "Dark Potential-Prefix.pch"; sourceTree = "<group>"; };
		E2A1CB751643518F009F1CBA /* DPAppDelegate.h */ = {isa = PBXFileReference; lastKnownFileType = sourcecode.c.h; path = DPAppDelegate.h; sourceTree = "<group>"; };
		E2A1CB761643518F009F1CBA /* DPAppDelegate.mm */ = {isa = PBXFileReference; lastKnownFileType = sourcecode.cpp.objcpp; path = DPAppDelegate.mm; sourceTree = "<group>"; };
		E2A1CB7F1643518F009F1CBA /* en */ = {isa = PBXFileReference; lastKnownFileType = file.storyboard; name = en; path = en.lproj/MainStoryboard.storyboard; sourceTree = "<group>"; };
		E2A1CB811643518F009F1CBA /* DPMainMenuViewController.h */ = {isa = PBXFileReference; lastKnownFileType = sourcecode.c.h; path = DPMainMenuViewController.h; sourceTree = "<group>"; };
		E2A1CB821643518F009F1CBA /* DPMainMenuViewController.m */ = {isa = PBXFileReference; lastKnownFileType = sourcecode.c.objc; path = DPMainMenuViewController.m; sourceTree = "<group>"; };
		E2A1CB8916435190009F1CBA /* Dark PotentialTests.octest */ = {isa = PBXFileReference; explicitFileType = wrapper.cfbundle; includeInIndex = 0; path = "Dark PotentialTests.octest"; sourceTree = BUILT_PRODUCTS_DIR; };
		E2A1CB8A16435190009F1CBA /* SenTestingKit.framework */ = {isa = PBXFileReference; lastKnownFileType = wrapper.framework; name = SenTestingKit.framework; path = Library/Frameworks/SenTestingKit.framework; sourceTree = DEVELOPER_DIR; };
		E2A1CBA21643521A009F1CBA /* DarkPotential-AppIcon-57.png */ = {isa = PBXFileReference; lastKnownFileType = image.png; name = "DarkPotential-AppIcon-57.png"; path = "../DarkPotential-AppIcon-57.png"; sourceTree = "<group>"; };
		E2A1CBA41643521E009F1CBA /* DarkPotential-AppIcon-114.png */ = {isa = PBXFileReference; lastKnownFileType = image.png; name = "DarkPotential-AppIcon-114.png"; path = "../DarkPotential-AppIcon-114.png"; sourceTree = "<group>"; };
		E2A1CBAC164354C5009F1CBA /* navbar.png */ = {isa = PBXFileReference; lastKnownFileType = image.png; path = navbar.png; sourceTree = "<group>"; };
		E2A33D4316AF7229009C6BFF /* background-iphone5.png */ = {isa = PBXFileReference; lastKnownFileType = image.png; path = "background-iphone5.png"; sourceTree = "<group>"; };
/* End PBXFileReference section */

/* Begin PBXFrameworksBuildPhase section */
		E2A1CB5F1643518F009F1CBA /* Frameworks */ = {
			isa = PBXFrameworksBuildPhase;
			buildActionMask = 2147483647;
			files = (
				5DCA890B169604FA00725CEF /* Accounts.framework in Frameworks */,
				5DCA890C169604FA00725CEF /* AdSupport.framework in Frameworks */,
				5DCA890D169604FA00725CEF /* Social.framework in Frameworks */,
				5D691C3B1695EE930072E2A7 /* Twitter.framework in Frameworks */,
				5D691C381695EA7B0072E2A7 /* MessageUI.framework in Frameworks */,
				5D5B77DB164AFB1A00C330CE /* Security.framework in Frameworks */,
				5D5B77D9164AFB0E00C330CE /* CoreVideo.framework in Frameworks */,
				5D5B77D7164AFAFF00C330CE /* SystemConfiguration.framework in Frameworks */,
				5D5B77D5164AFAF100C330CE /* CoreMedia.framework in Frameworks */,
				5D5B77D2164AFACF00C330CE /* OpenGLES.framework in Frameworks */,
				5D5B77D3164AFACF00C330CE /* QuartzCore.framework in Frameworks */,
				E28BBD7A16449D3C0016B2D2 /* AVFoundation.framework in Frameworks */,
				E21F25D21644896200CA0971 /* MediaPlayer.framework in Frameworks */,
				E2A1CB671643518F009F1CBA /* UIKit.framework in Frameworks */,
				E2A1CB691643518F009F1CBA /* Foundation.framework in Frameworks */,
				E2A1CB6B1643518F009F1CBA /* CoreGraphics.framework in Frameworks */,
				5DB29B4C16B6C1FF000CF9FB /* FacebookSDK.framework in Frameworks */,
				5DB29B5216B6C3A5000CF9FB /* libQCAR.a in Frameworks */,
			);
			runOnlyForDeploymentPostprocessing = 0;
		};
		E2A1CB8516435190009F1CBA /* Frameworks */ = {
			isa = PBXFrameworksBuildPhase;
			buildActionMask = 2147483647;
			files = (
				E2A1CB8B16435190009F1CBA /* SenTestingKit.framework in Frameworks */,
				E2A1CB8C16435190009F1CBA /* UIKit.framework in Frameworks */,
				E2A1CB8D16435190009F1CBA /* Foundation.framework in Frameworks */,
			);
			runOnlyForDeploymentPostprocessing = 0;
		};
/* End PBXFrameworksBuildPhase section */

/* Begin PBXGroup section */
		5D0C714B169AFA7200D69E33 /* Bios */ = {
			isa = PBXGroup;
			children = (
				5D469C0D16AB6EF4000BD3FB /* button-launch-pmc.png */,
				5D469C0F16AB6EF4000BD3FB /* button-launch-reclaimers.png */,
				5D469C1116AB6EF4000BD3FB /* button-launch-xlanthos.png */,
				5D0C714E169AFA7D00D69E33 /* info-pmc.png */,
				5D0C7150169AFA7D00D69E33 /* info-reclaimers.png */,
				5D0C7152169AFA7D00D69E33 /* info-xlanthos.png */,
			);
			name = Bios;
			sourceTree = "<group>";
		};
		5D381C6D1696183900C505F5 /* Social */ = {
			isa = PBXGroup;
			children = (
				5DAD1DEF16ADCE4800833CD0 /* social-fb.png */,
				5DAD1DF516ADCE4800833CD0 /* social-mail.png */,
				5DAD1DFB16ADCE4800833CD0 /* social-save.png */,
				5DAD1E0116ADCE4800833CD0 /* social-twitter.png */,
			);
			name = Social;
			sourceTree = "<group>";
		};
		5D469C2116AB7F04000BD3FB /* Shaders */ = {
			isa = PBXGroup;
			children = (
				5D469C2216AB7F79000BD3FB /* Shader.fsh */,
				5D469C2316AB7F79000BD3FB /* Shader.vsh */,
			);
			name = Shaders;
			sourceTree = "<group>";
		};
		5D5B77DC164AFDD500C330CE /* Image targets */ = {
			isa = PBXGroup;
			children = (
				5D469C1B16AB7DD3000BD3FB /* PMCSniper.png */,
				5D469C1916AB7A21000BD3FB /* Xlanthos.png */,
				5DF97ECC16948BCF00046053 /* Dark_Potential.dat */,
				5DF97ECD16948BCF00046053 /* Dark_Potential.xml */,
				5DCC62F1167A44320069DE40 /* Reclaimer_squad_member.png */,
				5D5B77DD164AFDFF00C330CE /* StonesAndChips.dat */,
				5D5B77DE164AFDFF00C330CE /* StonesAndChips.xml */,
				5D5B77DF164AFDFF00C330CE /* Tarmac.dat */,
				5D5B77E0164AFDFF00C330CE /* Tarmac.xml */,
			);
			name = "Image targets";
			sourceTree = "<group>";
		};
		5D74774A1643F0E7003C576B /* App icons */ = {
			isa = PBXGroup;
			children = (
				E2A1CBA41643521E009F1CBA /* DarkPotential-AppIcon-114.png */,
				E2A1CBA21643521A009F1CBA /* DarkPotential-AppIcon-57.png */,
			);
			name = "App icons";
			sourceTree = "<group>";
		};
		5DA8717B164AF8030017B893 /* QCAR stuff */ = {
			isa = PBXGroup;
			children = (
				5D5B77DC164AFDD500C330CE /* Image targets */,
				5DA87181164AF86E0017B893 /* ARCommon */,
				5DA8717C164AF81C0017B893 /* EAGLView.h */,
				5DA8717D164AF81C0017B893 /* EAGLView.mm */,
			);
			name = "QCAR stuff";
			sourceTree = "<group>";
		};
		5DA87181164AF86E0017B893 /* ARCommon */ = {
			isa = PBXGroup;
			children = (
				5D469C2116AB7F04000BD3FB /* Shaders */,
				5DA87182164AF86E0017B893 /* AR_EAGLView.h */,
				5DA87183164AF86E0017B893 /* AR_EAGLView.mm */,
				5DA87184164AF86E0017B893 /* ARParentViewController.h */,
				5DA87185164AF86E0017B893 /* ARParentViewController.mm */,
				5DA87186164AF86E0017B893 /* ARViewController.h */,
				5DA87187164AF86E0017B893 /* ARViewController.mm */,
				5DA87188164AF86E0017B893 /* OverlayView.h */,
				5DA87189164AF86E0017B893 /* OverlayView.m */,
				5DA8718A164AF86E0017B893 /* OverlayViewController.h */,
				5DA8718B164AF86E0017B893 /* OverlayViewController.mm */,
				5DA8718C164AF86E0017B893 /* QCARutils.h */,
				5DA8718D164AF86E0017B893 /* QCARutils.mm */,
				5DA87191164AF86E0017B893 /* ShaderUtils.cpp */,
				5DA87192164AF86E0017B893 /* ShaderUtils.h */,
				5DA87193164AF86E0017B893 /* Texture.h */,
				5DA87194164AF86E0017B893 /* Texture.mm */,
			);
			path = ARCommon;
			sourceTree = "<group>";
		};
		E2186A3E164739DA00FEADC3 /* Experience buttons */ = {
			isa = PBXGroup;
			children = (
				5D0C715C169B00F800D69E33 /* experiencebanner-pmc.png */,
				5D0C7160169B00F800D69E33 /* experiencebanner-reclaimers.png */,
				5D0C7164169B00F800D69E33 /* experiencebanner-xlanthos.png */,
			);
			name = "Experience buttons";
			sourceTree = "<group>";
		};
		E2186A56164741EF00FEADC3 /* View Controllers */ = {
			isa = PBXGroup;
			children = (
				E2A1CB811643518F009F1CBA /* DPMainMenuViewController.h */,
				E2A1CB821643518F009F1CBA /* DPMainMenuViewController.m */,
				E21F25CD1644890900CA0971 /* DPInfoViewController.h */,
				E21F25CE1644890900CA0971 /* DPInfoViewController.m */,
				E2186A571647421400FEADC3 /* DPCharacterViewController.h */,
				E2186A581647421400FEADC3 /* DPCharacterViewController.m */,
				5DA3CFA3164C201600260F49 /* DPScreenshotViewController.h */,
				5DA3CFA4164C201600260F49 /* DPScreenshotViewController.mm */,
				5DA3CFA5164C201600260F49 /* DPScreenshotViewController.xib */,
				5D5A10961695CB4A00B9CB17 /* DPWebViewController.h */,
				5D5A10971695CB4B00B9CB17 /* DPWebViewController.m */,
				5D5A10981695CB4B00B9CB17 /* DPWebViewController.xib */,
			);
			name = "View Controllers";
			sourceTree = "<group>";
		};
		E222D0BE16AE15F200ABEB2C /* Custom Buttons */ = {
			isa = PBXGroup;
			children = (
				5DAD1DC216ADBCFF00833CD0 /* DPARViewButtonCustomizer.h */,
				5DAD1DC316ADBCFF00833CD0 /* DPARViewButtonCustomizer.m */,
				5DAD1DC516ADC93C00833CD0 /* DPARViewCameraButtonCustomizer.h */,
				5DAD1DC616ADC93C00833CD0 /* DPARViewCameraButtonCustomizer.m */,
				5DAD1DC816ADCC5A00833CD0 /* DPARViewTorchButtonCustomizer.h */,
				5DAD1DC916ADCC5A00833CD0 /* DPARViewTorchButtonCustomizer.m */,
				E222D0BB16AE149000ABEB2C /* DPARViewBackButtonCustomizer.h */,
				E222D0BC16AE149000ABEB2C /* DPARViewBackButtonCustomizer.m */,
			);
			name = "Custom Buttons";
			sourceTree = "<group>";
		};
		E222D0BF16AE1DB600ABEB2C /* Video */ = {
			isa = PBXGroup;
			children = (
				5D5A109B1695D39600B9CB17 /* MWGIntro.mp4 */,
			);
			name = Video;
			sourceTree = "<group>";
		};
		E222D0C016AE1DC100ABEB2C /* Fonts */ = {
			isa = PBXGroup;
			children = (
				5D15DDEA1694B74200C942C6 /* bebas.ttf */,
			);
			name = Fonts;
			sourceTree = "<group>";
		};
		E270AC171649FF44003E6A1F /* Info */ = {
			isa = PBXGroup;
			children = (
				E2A33D4316AF7229009C6BFF /* background-iphone5.png */,
				5D2F2A72169E558A00B69D1B /* button-support.png */,
				5D2F2A74169E558A00B69D1B /* button-video.png */,
				5D5A10871695C7F000B9CB17 /* info-fb.png */,
				5D5A10891695C7F000B9CB17 /* info-twitter.png */,
				5D5A108B1695C7F000B9CB17 /* info-web.png */,
				5D5A108D1695C7F000B9CB17 /* info-youtube.png */,
				E270AC27164A0155003E6A1F /* joel.png */,
				E270AC2B164A015E003E6A1F /* steph.png */,
			);
			name = Info;
			sourceTree = "<group>";
		};
		E28BBD7C16449F850016B2D2 /* Audio */ = {
			isa = PBXGroup;
			children = (
				E270ABFF1649E208003E6A1F /* menu_whoosh_in.mp3 */,
			);
			name = Audio;
			sourceTree = "<group>";
		};
		E2A1CB571643518F009F1CBA = {
			isa = PBXGroup;
			children = (
				E2A1CB6C1643518F009F1CBA /* Dark Potential */,
				E2A1CB651643518F009F1CBA /* Frameworks */,
				E2A1CB631643518F009F1CBA /* Products */,
			);
			sourceTree = "<group>";
		};
		E2A1CB631643518F009F1CBA /* Products */ = {
			isa = PBXGroup;
			children = (
				E2A1CB621643518F009F1CBA /* Dark Potential.app */,
				E2A1CB8916435190009F1CBA /* Dark PotentialTests.octest */,
			);
			name = Products;
			sourceTree = "<group>";
		};
		E2A1CB651643518F009F1CBA /* Frameworks */ = {
			isa = PBXGroup;
			children = (
				5DB29B4F16B6C221000CF9FB /* FBUserSettingsViewResources.bundle */,
				5DB29B4D16B6C217000CF9FB /* FacebookSDKResources.bundle */,
				5DB29B4B16B6C1FF000CF9FB /* FacebookSDK.framework */,
				5DCA8908169604FA00725CEF /* Accounts.framework */,
				5DCA8909169604FA00725CEF /* AdSupport.framework */,
				5DCA890A169604FA00725CEF /* Social.framework */,
				5D691C3A1695EE930072E2A7 /* Twitter.framework */,
				5D691C371695EA7B0072E2A7 /* MessageUI.framework */,
				5DB29B5116B6C3A5000CF9FB /* libQCAR.a */,
				5D5B77DA164AFB1A00C330CE /* Security.framework */,
				5D5B77D8164AFB0E00C330CE /* CoreVideo.framework */,
				5D5B77D6164AFAFF00C330CE /* SystemConfiguration.framework */,
				5D5B77D4164AFAF100C330CE /* CoreMedia.framework */,
				5D5B77D0164AFACF00C330CE /* OpenGLES.framework */,
				5D5B77D1164AFACF00C330CE /* QuartzCore.framework */,
				E28BBD7916449D3C0016B2D2 /* AVFoundation.framework */,
				E21F25D11644896200CA0971 /* MediaPlayer.framework */,
				E2A1CB661643518F009F1CBA /* UIKit.framework */,
				E2A1CB681643518F009F1CBA /* Foundation.framework */,
				E2A1CB6A1643518F009F1CBA /* CoreGraphics.framework */,
				E2A1CB8A16435190009F1CBA /* SenTestingKit.framework */,
			);
			name = Frameworks;
			sourceTree = "<group>";
		};
		E2A1CB6C1643518F009F1CBA /* Dark Potential */ = {
			isa = PBXGroup;
			children = (
				E28BBD7C16449F850016B2D2 /* Audio */,
				E222D0BF16AE1DB600ABEB2C /* Video */,
				E222D0C016AE1DC100ABEB2C /* Fonts */,
				E2A1CBA1164351F6009F1CBA /* Images */,
				5DA8717B164AF8030017B893 /* QCAR stuff */,
				E222D0BE16AE15F200ABEB2C /* Custom Buttons */,
				E2186A56164741EF00FEADC3 /* View Controllers */,
				E2A1CB751643518F009F1CBA /* DPAppDelegate.h */,
				E2A1CB761643518F009F1CBA /* DPAppDelegate.mm */,
				E2A1CB7E1643518F009F1CBA /* MainStoryboard.storyboard */,
				E2A1CB6D1643518F009F1CBA /* Supporting Files */,
			);
			path = "Dark Potential";
			sourceTree = "<group>";
		};
		E2A1CB6D1643518F009F1CBA /* Supporting Files */ = {
			isa = PBXGroup;
			children = (
				5DF97EC3169480CB00046053 /* DPBios.h */,
				5DF97EC6169483F300046053 /* DPBios.m */,
				5D469C1816AB736F000BD3FB /* DPConstants.h */,
				E270AC0D1649F856003E6A1F /* Default-568h@2x.png */,
				E270AC0B1649F853003E6A1F /* Default@2x.png */,
				E270AC091649F84F003E6A1F /* Default.png */,
				E2A1CB6E1643518F009F1CBA /* Dark Potential-Info.plist */,
				E2A1CB6F1643518F009F1CBA /* InfoPlist.strings */,
				E2A1CB721643518F009F1CBA /* main.m */,
				E2A1CB741643518F009F1CBA /* Dark Potential-Prefix.pch */,
			);
			name = "Supporting Files";
			sourceTree = "<group>";
		};
		E2A1CBA1164351F6009F1CBA /* Images */ = {
			isa = PBXGroup;
			children = (
				5D0C714B169AFA7200D69E33 /* Bios */,
				5D381C6D1696183900C505F5 /* Social */,
				E270AC171649FF44003E6A1F /* Info */,
				5D74774A1643F0E7003C576B /* App icons */,
				E2A1CBB4164354C9009F1CBA /* Menu */,
			);
			name = Images;
			sourceTree = "<group>";
		};
		E2A1CBB4164354C9009F1CBA /* Menu */ = {
			isa = PBXGroup;
			children = (
				E2186A3E164739DA00FEADC3 /* Experience buttons */,
				E270AC1F164A0070003E6A1F /* button-back.png */,
				E2186A4F16473EDD00FEADC3 /* menu-bg.png */,
				E2186A5316473FF200FEADC3 /* menu-bg-iphone5.png */,
				E2186A4B16473E1B00FEADC3 /* mwglogo.png */,
				E2A1CBAC164354C5009F1CBA /* navbar.png */,
			);
			name = Menu;
			sourceTree = "<group>";
		};
/* End PBXGroup section */

/* Begin PBXNativeTarget section */
		E2A1CB611643518F009F1CBA /* Dark Potential */ = {
			isa = PBXNativeTarget;
			buildConfigurationList = E2A1CB9B16435190009F1CBA /* Build configuration list for PBXNativeTarget "Dark Potential" */;
			buildPhases = (
				E2A1CB5E1643518F009F1CBA /* Sources */,
				E2A1CB5F1643518F009F1CBA /* Frameworks */,
				E2A1CB601643518F009F1CBA /* Resources */,
			);
			buildRules = (
			);
			dependencies = (
			);
			name = "Dark Potential";
			productName = "Dark Potential";
			productReference = E2A1CB621643518F009F1CBA /* Dark Potential.app */;
			productType = "com.apple.product-type.application";
		};
		E2A1CB8816435190009F1CBA /* Dark PotentialTests */ = {
			isa = PBXNativeTarget;
			buildConfigurationList = E2A1CB9E16435190009F1CBA /* Build configuration list for PBXNativeTarget "Dark PotentialTests" */;
			buildPhases = (
				E2A1CB8416435190009F1CBA /* Sources */,
				E2A1CB8516435190009F1CBA /* Frameworks */,
				E2A1CB8616435190009F1CBA /* Resources */,
				E2A1CB8716435190009F1CBA /* ShellScript */,
			);
			buildRules = (
			);
			dependencies = (
				E2A1CB8F16435190009F1CBA /* PBXTargetDependency */,
			);
			name = "Dark PotentialTests";
			productName = "Dark PotentialTests";
			productReference = E2A1CB8916435190009F1CBA /* Dark PotentialTests.octest */;
			productType = "com.apple.product-type.bundle";
		};
/* End PBXNativeTarget section */

/* Begin PBXProject section */
		E2A1CB591643518F009F1CBA /* Project object */ = {
			isa = PBXProject;
			attributes = {
				LastUpgradeCheck = 0450;
				ORGANIZATIONNAME = "Joel Glanfield";
			};
			buildConfigurationList = E2A1CB5C1643518F009F1CBA /* Build configuration list for PBXProject "Dark Potential" */;
			compatibilityVersion = "Xcode 3.2";
			developmentRegion = English;
			hasScannedForEncodings = 0;
			knownRegions = (
				en,
			);
			mainGroup = E2A1CB571643518F009F1CBA;
			productRefGroup = E2A1CB631643518F009F1CBA /* Products */;
			projectDirPath = "";
			projectRoot = "";
			targets = (
				E2A1CB611643518F009F1CBA /* Dark Potential */,
				E2A1CB8816435190009F1CBA /* Dark PotentialTests */,
			);
		};
/* End PBXProject section */

/* Begin PBXResourcesBuildPhase section */
		E2A1CB601643518F009F1CBA /* Resources */ = {
			isa = PBXResourcesBuildPhase;
			buildActionMask = 2147483647;
			files = (
				5DF97ED116948CC100046053 /* Dark_Potential.dat in Resources */,
				5DF97ED216948CC100046053 /* Dark_Potential.xml in Resources */,
				E2A1CB711643518F009F1CBA /* InfoPlist.strings in Resources */,
				E2A1CB801643518F009F1CBA /* MainStoryboard.storyboard in Resources */,
				E2A1CBA31643521A009F1CBA /* DarkPotential-AppIcon-57.png in Resources */,
				E2A1CBA51643521E009F1CBA /* DarkPotential-AppIcon-114.png in Resources */,
				E2A1CBB3164354C5009F1CBA /* navbar.png in Resources */,
				E2186A4D16473E1B00FEADC3 /* mwglogo.png in Resources */,
				E2186A5116473EDD00FEADC3 /* menu-bg.png in Resources */,
				E2186A5516473FF200FEADC3 /* menu-bg-iphone5.png in Resources */,
				E270AC001649E208003E6A1F /* menu_whoosh_in.mp3 in Resources */,
				E270AC0A1649F84F003E6A1F /* Default.png in Resources */,
				E270AC0C1649F853003E6A1F /* Default@2x.png in Resources */,
				E270AC0E1649F856003E6A1F /* Default-568h@2x.png in Resources */,
				E270AC21164A0070003E6A1F /* button-back.png in Resources */,
				E270AC29164A0155003E6A1F /* joel.png in Resources */,
				E270AC2D164A015E003E6A1F /* steph.png in Resources */,
				5D5B77E4164AFDFF00C330CE /* StonesAndChips.dat in Resources */,
				5D5B77E5164AFDFF00C330CE /* StonesAndChips.xml in Resources */,
				5D5B77E6164AFDFF00C330CE /* Tarmac.dat in Resources */,
				5D5B77E7164AFDFF00C330CE /* Tarmac.xml in Resources */,
				5DA3CFA7164C201600260F49 /* DPScreenshotViewController.xib in Resources */,
				5DCC62F2167A44320069DE40 /* Reclaimer_squad_member.png in Resources */,
				5D96EAB51694B85C008345DB /* bebas.ttf in Resources */,
				5D5A108F1695C7F000B9CB17 /* info-fb.png in Resources */,
				5D5A10911695C7F000B9CB17 /* info-twitter.png in Resources */,
				5D5A10931695C7F000B9CB17 /* info-web.png in Resources */,
				5D5A10951695C7F000B9CB17 /* info-youtube.png in Resources */,
				5D5A109A1695CB4B00B9CB17 /* DPWebViewController.xib in Resources */,
				5D5A109C1695D39700B9CB17 /* MWGIntro.mp4 in Resources */,
				5D0C7154169AFA7D00D69E33 /* info-pmc.png in Resources */,
				5D0C7156169AFA7D00D69E33 /* info-reclaimers.png in Resources */,
				5D0C7158169AFA7D00D69E33 /* info-xlanthos.png in Resources */,
				5D0C7168169B00F800D69E33 /* experiencebanner-pmc.png in Resources */,
				5D0C716C169B00F800D69E33 /* experiencebanner-reclaimers.png in Resources */,
				5D0C7170169B00F800D69E33 /* experiencebanner-xlanthos.png in Resources */,
				5D2F2A76169E558A00B69D1B /* button-support.png in Resources */,
				5D2F2A78169E558B00B69D1B /* button-video.png in Resources */,
				5D469C1316AB6EF4000BD3FB /* button-launch-pmc.png in Resources */,
				5D469C1516AB6EF4000BD3FB /* button-launch-reclaimers.png in Resources */,
				5D469C1716AB6EF4000BD3FB /* button-launch-xlanthos.png in Resources */,
				5D469C1A16AB7A21000BD3FB /* Xlanthos.png in Resources */,
				5D469C1C16AB7DD3000BD3FB /* PMCSniper.png in Resources */,
				5DAD1E0716ADCE4800833CD0 /* social-fb.png in Resources */,
				5DAD1E0D16ADCE4800833CD0 /* social-mail.png in Resources */,
				5DAD1E1316ADCE4800833CD0 /* social-save.png in Resources */,
				5DAD1E1916ADCE4800833CD0 /* social-twitter.png in Resources */,
				E2A33D4416AF7229009C6BFF /* background-iphone5.png in Resources */,
				5DB29B4E16B6C217000CF9FB /* FacebookSDKResources.bundle in Resources */,
				5DB29B5016B6C221000CF9FB /* FBUserSettingsViewResources.bundle in Resources */,
			);
			runOnlyForDeploymentPostprocessing = 0;
		};
		E2A1CB8616435190009F1CBA /* Resources */ = {
			isa = PBXResourcesBuildPhase;
			buildActionMask = 2147483647;
			files = (
				5DF97ECE16948BCF00046053 /* Dark_Potential.dat in Resources */,
				5DF97ECF16948BCF00046053 /* Dark_Potential.xml in Resources */,
				5D15DDEB1694B74200C942C6 /* bebas.ttf in Resources */,
			);
			runOnlyForDeploymentPostprocessing = 0;
		};
/* End PBXResourcesBuildPhase section */

/* Begin PBXShellScriptBuildPhase section */
		E2A1CB8716435190009F1CBA /* ShellScript */ = {
			isa = PBXShellScriptBuildPhase;
			buildActionMask = 2147483647;
			files = (
			);
			inputPaths = (
			);
			outputPaths = (
			);
			runOnlyForDeploymentPostprocessing = 0;
			shellPath = /bin/sh;
			shellScript = "# Run the unit tests in this test bundle.\n\"${SYSTEM_DEVELOPER_DIR}/Tools/RunUnitTests\"\n";
		};
/* End PBXShellScriptBuildPhase section */

/* Begin PBXSourcesBuildPhase section */
		E2A1CB5E1643518F009F1CBA /* Sources */ = {
			isa = PBXSourcesBuildPhase;
			buildActionMask = 2147483647;
			files = (
				E2A1CB731643518F009F1CBA /* main.m in Sources */,
				E2A1CB771643518F009F1CBA /* DPAppDelegate.mm in Sources */,
				E2A1CB831643518F009F1CBA /* DPMainMenuViewController.m in Sources */,
				E21F25CF1644890900CA0971 /* DPInfoViewController.m in Sources */,
				E2186A591647421400FEADC3 /* DPCharacterViewController.m in Sources */,
				5DA8717F164AF81C0017B893 /* EAGLView.mm in Sources */,
				5DA87195164AF86E0017B893 /* AR_EAGLView.mm in Sources */,
				5DA87196164AF86E0017B893 /* ARParentViewController.mm in Sources */,
				5DA87197164AF86E0017B893 /* ARViewController.mm in Sources */,
				5DA87198164AF86E0017B893 /* OverlayView.m in Sources */,
				5DA87199164AF86E0017B893 /* OverlayViewController.mm in Sources */,
				5DA8719A164AF86E0017B893 /* QCARutils.mm in Sources */,
				5DA8719D164AF86E0017B893 /* ShaderUtils.cpp in Sources */,
				5DA8719E164AF86E0017B893 /* Texture.mm in Sources */,
				5DA3CFA6164C201600260F49 /* DPScreenshotViewController.mm in Sources */,
				5DF97EC7169483F300046053 /* DPBios.m in Sources */,
				5D5A10991695CB4B00B9CB17 /* DPWebViewController.m in Sources */,
				5DAD1DC416ADBCFF00833CD0 /* DPARViewButtonCustomizer.m in Sources */,
				5DAD1DC716ADC93C00833CD0 /* DPARViewCameraButtonCustomizer.m in Sources */,
				5DAD1DCA16ADCC5A00833CD0 /* DPARViewTorchButtonCustomizer.m in Sources */,
				E222D0BD16AE149000ABEB2C /* DPARViewBackButtonCustomizer.m in Sources */,
			);
			runOnlyForDeploymentPostprocessing = 0;
		};
		E2A1CB8416435190009F1CBA /* Sources */ = {
			isa = PBXSourcesBuildPhase;
			buildActionMask = 2147483647;
			files = (
			);
			runOnlyForDeploymentPostprocessing = 0;
		};
/* End PBXSourcesBuildPhase section */

/* Begin PBXTargetDependency section */
		E2A1CB8F16435190009F1CBA /* PBXTargetDependency */ = {
			isa = PBXTargetDependency;
			target = E2A1CB611643518F009F1CBA /* Dark Potential */;
			targetProxy = E2A1CB8E16435190009F1CBA /* PBXContainerItemProxy */;
		};
/* End PBXTargetDependency section */

/* Begin PBXVariantGroup section */
		E2A1CB6F1643518F009F1CBA /* InfoPlist.strings */ = {
			isa = PBXVariantGroup;
			children = (
				E2A1CB701643518F009F1CBA /* en */,
			);
			name = InfoPlist.strings;
			sourceTree = "<group>";
		};
		E2A1CB7E1643518F009F1CBA /* MainStoryboard.storyboard */ = {
			isa = PBXVariantGroup;
			children = (
				E2A1CB7F1643518F009F1CBA /* en */,
			);
			name = MainStoryboard.storyboard;
			sourceTree = "<group>";
		};
/* End PBXVariantGroup section */

/* Begin XCBuildConfiguration section */
		E2A1CB9916435190009F1CBA /* Debug */ = {
			isa = XCBuildConfiguration;
			buildSettings = {
				ALWAYS_SEARCH_USER_PATHS = NO;
				CLANG_CXX_LANGUAGE_STANDARD = "gnu++0x";
				CLANG_CXX_LIBRARY = "libc++";
				CLANG_ENABLE_OBJC_ARC = YES;
				CLANG_WARN_EMPTY_BODY = YES;
				CLANG_WARN__DUPLICATE_METHOD_MATCH = YES;
				"CODE_SIGN_IDENTITY[sdk=iphoneos*]" = "iPhone Developer";
				COPY_PHASE_STRIP = NO;
				GCC_C_LANGUAGE_STANDARD = gnu99;
				GCC_DYNAMIC_NO_PIC = NO;
				GCC_OPTIMIZATION_LEVEL = 0;
				GCC_PREPROCESSOR_DEFINITIONS = (
					"DEBUG=1",
					"$(inherited)",
				);
				GCC_SYMBOLS_PRIVATE_EXTERN = NO;
				GCC_WARN_ABOUT_RETURN_TYPE = YES;
				GCC_WARN_UNINITIALIZED_AUTOS = YES;
				GCC_WARN_UNUSED_VARIABLE = YES;
				IPHONEOS_DEPLOYMENT_TARGET = 6.0;
				ONLY_ACTIVE_ARCH = YES;
				SDKROOT = iphoneos;
			};
			name = Debug;
		};
		E2A1CB9A16435190009F1CBA /* Release */ = {
			isa = XCBuildConfiguration;
			buildSettings = {
				ALWAYS_SEARCH_USER_PATHS = NO;
				CLANG_CXX_LANGUAGE_STANDARD = "gnu++0x";
				CLANG_CXX_LIBRARY = "libc++";
				CLANG_ENABLE_OBJC_ARC = YES;
				CLANG_WARN_EMPTY_BODY = YES;
				CLANG_WARN__DUPLICATE_METHOD_MATCH = YES;
				"CODE_SIGN_IDENTITY[sdk=iphoneos*]" = "iPhone Developer";
				COPY_PHASE_STRIP = YES;
				GCC_C_LANGUAGE_STANDARD = gnu99;
				GCC_WARN_ABOUT_RETURN_TYPE = YES;
				GCC_WARN_UNINITIALIZED_AUTOS = YES;
				GCC_WARN_UNUSED_VARIABLE = YES;
				IPHONEOS_DEPLOYMENT_TARGET = 6.0;
				OTHER_CFLAGS = "-DNS_BLOCK_ASSERTIONS=1";
				SDKROOT = iphoneos;
				VALIDATE_PRODUCT = YES;
			};
			name = Release;
		};
		E2A1CB9C16435190009F1CBA /* Debug */ = {
			isa = XCBuildConfiguration;
			buildSettings = {
				CLANG_ENABLE_OBJC_ARC = YES;
				"CODE_SIGN_IDENTITY[sdk=iphoneos*]" = "iPhone Developer: Joe Simms (DM5PZCT3ZC)";
				FRAMEWORK_SEARCH_PATHS = (
					"$(inherited)",
					"\"$(SRCROOT)/../FacebookSDK\"",
					"\"$(SRCROOT)\"",
				);
				GCC_PRECOMPILE_PREFIX_HEADER = YES;
				GCC_PREFIX_HEADER = "Dark Potential/Dark Potential-Prefix.pch";
				HEADER_SEARCH_PATHS = "\"$(SRCROOT)/../vuforia-sdk-ios-1-5-9/build/include";
				INFOPLIST_FILE = "Dark Potential/Dark Potential-Info.plist";
				IPHONEOS_DEPLOYMENT_TARGET = 5.0;
				LIBRARY_SEARCH_PATHS = (
					"$(inherited)",
					"\"$(SRCROOT)/../vuforia-sdk-ios-1-5-9/build/lib/arm\"",
					"\"$(SRCROOT)\"",
				);
				OTHER_LDFLAGS = "-lsqlite3.0";
				PRODUCT_NAME = "Dark Potential";
				"PROVISIONING_PROFILE[sdk=iphoneos*]" = "0662C3AF-8307-4558-BC8D-A844026B97E5";
				TARGETED_DEVICE_FAMILY = 1;
				VALID_ARCHS = armv7;
				WRAPPER_EXTENSION = app;
			};
			name = Debug;
		};
		E2A1CB9D16435190009F1CBA /* Release */ = {
			isa = XCBuildConfiguration;
			buildSettings = {
				CLANG_ENABLE_OBJC_ARC = YES;
				"CODE_SIGN_IDENTITY[sdk=iphoneos*]" = "iPhone Developer: Joel Glanfield (D3BF96E7YY)";
				FRAMEWORK_SEARCH_PATHS = (
					"$(inherited)",
					"\"$(SRCROOT)/../FacebookSDK\"",
					"\"$(SRCROOT)\"",
				);
				GCC_PRECOMPILE_PREFIX_HEADER = YES;
				GCC_PREFIX_HEADER = "Dark Potential/Dark Potential-Prefix.pch";
				HEADER_SEARCH_PATHS = "\"$(SRCROOT)/../vuforia-sdk-ios-1-5-9/build/include";
				INFOPLIST_FILE = "Dark Potential/Dark Potential-Info.plist";
				IPHONEOS_DEPLOYMENT_TARGET = 5.0;
				LIBRARY_SEARCH_PATHS = (
					"$(inherited)",
					"\"$(SRCROOT)/../vuforia-sdk-ios-1-5-9/build/lib/arm\"",
					"\"$(SRCROOT)\"",
				);
				OTHER_LDFLAGS = "-lsqlite3.0";
				PRODUCT_NAME = "Dark Potential";
				"PROVISIONING_PROFILE[sdk=iphoneos*]" = "55185C95-9590-416B-A8BF-BFB48CCF139C";
				TARGETED_DEVICE_FAMILY = 1;
				VALID_ARCHS = armv7;
				WRAPPER_EXTENSION = app;
			};
			name = Release;
		};
		E2A1CB9F16435190009F1CBA /* Debug */ = {
			isa = XCBuildConfiguration;
			buildSettings = {
				BUNDLE_LOADER = "$(BUILT_PRODUCTS_DIR)/Dark Potential.app/Dark Potential";
				FRAMEWORK_SEARCH_PATHS = (
					"\"$(SDKROOT)/Developer/Library/Frameworks\"",
					"\"$(DEVELOPER_LIBRARY_DIR)/Frameworks\"",
				);
				GCC_PRECOMPILE_PREFIX_HEADER = YES;
				GCC_PREFIX_HEADER = "Dark Potential/Dark Potential-Prefix.pch";
				INFOPLIST_FILE = "Dark PotentialTests/Dark PotentialTests-Info.plist";
				PRODUCT_NAME = "$(TARGET_NAME)";
				TEST_HOST = "$(BUNDLE_LOADER)";
				WRAPPER_EXTENSION = octest;
			};
			name = Debug;
		};
		E2A1CBA016435190009F1CBA /* Release */ = {
			isa = XCBuildConfiguration;
			buildSettings = {
				BUNDLE_LOADER = "$(BUILT_PRODUCTS_DIR)/Dark Potential.app/Dark Potential";
				FRAMEWORK_SEARCH_PATHS = (
					"\"$(SDKROOT)/Developer/Library/Frameworks\"",
					"\"$(DEVELOPER_LIBRARY_DIR)/Frameworks\"",
				);
				GCC_PRECOMPILE_PREFIX_HEADER = YES;
				GCC_PREFIX_HEADER = "Dark Potential/Dark Potential-Prefix.pch";
				INFOPLIST_FILE = "Dark PotentialTests/Dark PotentialTests-Info.plist";
				PRODUCT_NAME = "$(TARGET_NAME)";
				TEST_HOST = "$(BUNDLE_LOADER)";
				WRAPPER_EXTENSION = octest;
			};
			name = Release;
		};
/* End XCBuildConfiguration section */

/* Begin XCConfigurationList section */
		E2A1CB5C1643518F009F1CBA /* Build configuration list for PBXProject "Dark Potential" */ = {
			isa = XCConfigurationList;
			buildConfigurations = (
				E2A1CB9916435190009F1CBA /* Debug */,
				E2A1CB9A16435190009F1CBA /* Release */,
			);
			defaultConfigurationIsVisible = 0;
			defaultConfigurationName = Release;
		};
		E2A1CB9B16435190009F1CBA /* Build configuration list for PBXNativeTarget "Dark Potential" */ = {
			isa = XCConfigurationList;
			buildConfigurations = (
				E2A1CB9C16435190009F1CBA /* Debug */,
				E2A1CB9D16435190009F1CBA /* Release */,
			);
			defaultConfigurationIsVisible = 0;
			defaultConfigurationName = Release;
		};
		E2A1CB9E16435190009F1CBA /* Build configuration list for PBXNativeTarget "Dark PotentialTests" */ = {
			isa = XCConfigurationList;
			buildConfigurations = (
				E2A1CB9F16435190009F1CBA /* Debug */,
				E2A1CBA016435190009F1CBA /* Release */,
			);
			defaultConfigurationIsVisible = 0;
			defaultConfigurationName = Release;
		};
/* End XCConfigurationList section */
	};
	rootObject = E2A1CB591643518F009F1CBA /* Project object */;
}
